{
  "version": 4,
  "terraform_version": "1.14.4",
  "serial": 5,
  "lineage": "a4f6d924-9c51-c566-6023-a8e867db7fbf",
  "outputs": {
    "ecr_repository_url": {
      "value": "725935685394.dkr.ecr.us-east-2.amazonaws.com/dockpaas-java",
      "type": "string"
    }
  },
  "resources": [
    {
      "mode": "managed",
      "type": "aws_ecr_lifecycle_policy",
      "name": "dockpaas_java_policy",
      "provider": "provider[\"registry.terraform.io/hashicorp/aws\"]",
      "instances": [
        {
          "schema_version": 0,
          "attributes": {
            "id": "dockpaas-java",
            "policy": "{\"rules\":[{\"action\":{\"type\":\"expire\"},\"description\":\"Expire untagged images after 7 days\",\"rulePriority\":1,\"selection\":{\"countNumber\":7,\"countType\":\"sinceImagePushed\",\"countUnit\":\"days\",\"tagStatus\":\"untagged\"}},{\"action\":{\"type\":\"expire\"},\"description\":\"Keep last 10 images (tagged + remaining untagged), expire older ones\",\"rulePriority\":2,\"selection\":{\"countNumber\":10,\"countType\":\"imageCountMoreThan\",\"tagStatus\":\"any\"}}]}",
            "region": "us-east-2",
            "registry_id": "725935685394",
            "repository": "dockpaas-java"
          },
          "sensitive_attributes": [],
          "identity_schema_version": 0,
          "identity": {
            "account_id": "725935685394",
            "region": "us-east-2",
            "repository": "dockpaas-java"
          },
          "private": "bnVsbA==",
          "dependencies": [
            "aws_ecr_repository.ecr_dock"
          ]
        }
      ]
    },
    {
      "mode": "managed",
      "type": "aws_ecr_repository",
      "name": "ecr_dock",
      "provider": "provider[\"registry.terraform.io/hashicorp/aws\"]",
      "instances": [
        {
          "schema_version": 0,
          "attributes": {
            "arn": "arn:aws:ecr:us-east-2:725935685394:repository/dockpaas-java",
            "encryption_configuration": [
              {
                "encryption_type": "AES256",
                "kms_key": ""
              }
            ],
            "force_delete": null,
            "id": "dockpaas-java",
            "image_scanning_configuration": [
              {
                "scan_on_push": true
              }
            ],
            "image_tag_mutability": "MUTABLE",
            "image_tag_mutability_exclusion_filter": [],
            "name": "dockpaas-java",
            "region": "us-east-2",
            "registry_id": "725935685394",
            "repository_url": "725935685394.dkr.ecr.us-east-2.amazonaws.com/dockpaas-java",
            "tags": {
              "Environment": "dev",
              "ManagedBy": "Terraform",
              "Project": "DockPaas",
              "name": "dockpaas-java"
            },
            "tags_all": {
              "Environment": "dev",
              "ManagedBy": "Terraform",
              "Project": "DockPaas",
              "name": "dockpaas-java"
            },
            "timeouts": null
          },
          "sensitive_attributes": [],
          "identity_schema_version": 0,
          "identity": {
            "account_id": "725935685394",
            "name": "dockpaas-java",
            "region": "us-east-2"
          },
          "private": "eyJlMmJmYjczMC1lY2FhLTExZTYtOGY4OC0zNDM2M2JjN2M0YzAiOnsiZGVsZXRlIjoxMjAwMDAwMDAwMDAwfX0="
        }
      ]
    }
  ],
  "check_results": null
}
